{
  "nodes": {
    "home-manager": {
      "inputs": {
        "nixpkgs": [
          "nixpkgs"
        ]
      },
      "locked": {
        "lastModified": 1623705021,
        "narHash": "sha256-/GZUHILpflqCINtlY1seepsiUbkx89b2PoGWIKV1+Io=",
        "owner": "rycee",
        "repo": "home-manager",
        "rev": "1375fd4a030c27e6c6208b31b8189ca41da01fb0",
        "type": "github"
      },
      "original": {
        "owner": "rycee",
        "ref": "master",
        "repo": "home-manager",
        "type": "github"
      }
    },
    "nixpkgs": {
      "locked": {
        "lastModified": 1623754362,
        "narHash": "sha256-N2SE0CA1Uq4IY4d3x2i1JH40qN5NWvkqny9IysbxMHw=",
        "owner": "NixOS",
        "repo": "nixpkgs",
        "rev": "bd50c72e4f6b7ca5469543675321c77b75cc30f7",
        "type": "github"
      },
      "original": {
        "owner": "NixOS",
        "ref": "master",
        "repo": "nixpkgs",
        "type": "github"
      }
    },
    "root": {
      "inputs": {
        "home-manager": "home-manager",
        "nixpkgs": "nixpkgs"
      }
    }
  },
  "root": "root",
  "version": 7
}
