{
  "nodes": {
    "home-manager": {
      "inputs": {
        "nixpkgs": [
          "nixpkgs"
        ]
      },
      "locked": {
        "lastModified": 1612737197,
        "narHash": "sha256-Cb855GCEB64+n20rAquhQ5uvpqIWQYuk8zq91l7pY/Q=",
        "owner": "rycee",
        "repo": "home-manager",
        "rev": "d8dd2a09b0a9c2c12d733f5d1eb3fa39bbe215b8",
        "type": "github"
      },
      "original": {
        "owner": "rycee",
        "ref": "master",
        "repo": "home-manager",
        "type": "github"
      }
    },
    "nixpkgs": {
      "locked": {
        "lastModified": 1612798343,
        "narHash": "sha256-xBTvbgLWvmIg6COB9KedCGRxHopejxGudjqkipVXS1Q=",
        "owner": "NixOS",
        "repo": "nixpkgs",
        "rev": "2adfe5c3755fb229a01a89fe6148f9cb810ec785",
        "type": "github"
      },
      "original": {
        "owner": "NixOS",
        "ref": "master",
        "repo": "nixpkgs",
        "type": "github"
      }
    },
    "root": {
      "inputs": {
        "home-manager": "home-manager",
        "nixpkgs": "nixpkgs"
      }
    }
  },
  "root": "root",
  "version": 7
}
