{
  "nodes": {
    "home-manager": {
      "inputs": {
        "nixpkgs": [
          "nixpkgs"
        ]
      },
      "locked": {
        "lastModified": 1612191125,
        "narHash": "sha256-sqeVW5mIpxcbGL5od8kGxH5gAkimOEJjss2ZvsW9mLQ=",
        "owner": "rycee",
        "repo": "home-manager",
        "rev": "0fa2b16a0714e35f472d17dc707ee130a269123f",
        "type": "github"
      },
      "original": {
        "owner": "rycee",
        "ref": "master",
        "repo": "home-manager",
        "type": "github"
      }
    },
    "nixpkgs": {
      "locked": {
        "lastModified": 1612272227,
        "narHash": "sha256-G0zwAsjb7viowl4BB4FIi3yna/ogasUADVAJh81VZyY=",
        "owner": "NixOS",
        "repo": "nixpkgs",
        "rev": "6d18d8ece7191fafda84959e26df9eac2a55909e",
        "type": "github"
      },
      "original": {
        "owner": "NixOS",
        "ref": "master",
        "repo": "nixpkgs",
        "type": "github"
      }
    },
    "root": {
      "inputs": {
        "home-manager": "home-manager",
        "nixpkgs": "nixpkgs"
      }
    }
  },
  "root": "root",
  "version": 7
}
